
Microsoft Visual Studio Solution File, Format Version 12.00
# Visual Studio Version 17
VisualStudioVersion = 17.11.35312.102
MinimumVisualStudioVersion = 10.0.40219.1
Project("{FAE04EC0-301F-11D3-BF4B-00C04F79EFBC}") = "ConcurrentPrep", "ConcurrentPrep\ConcurrentPrep.csproj", "{40A37E42-49FD-44EB-96FE-BF87A166BBAA}"
EndProject
Global
	GlobalSection(SolutionConfigurationPlatforms) = preSolution
		Debug|Any CPU = Debug|Any CPU
		Release|Any CPU = Release|Any CPU
	EndGlobalSection
	GlobalSection(ProjectConfigurationPlatforms) = postSolution
		{40A37E42-49FD-44EB-96FE-BF87A166BBAA}.Debug|Any CPU.ActiveCfg = Debug|Any CPU
		{40A37E42-49FD-44EB-96FE-BF87A166BBAA}.Debug|Any CPU.Build.0 = Debug|Any CPU
		{40A37E42-49FD-44EB-96FE-BF87A166BBAA}.Release|Any CPU.ActiveCfg = Release|Any CPU
		{40A37E42-49FD-44EB-96FE-BF87A166BBAA}.Release|Any CPU.Build.0 = Release|Any CPU
	EndGlobalSection
	GlobalSection(SolutionProperties) = preSolution
		HideSolutionNode = FALSE
	EndGlobalSection
	GlobalSection(ExtensibilityGlobals) = postSolution
		SolutionGuid = {2301056B-405A-46D9-953F-9BE4776BEBDC}
	EndGlobalSection
EndGlobal
